# Generated by buf. DO NOT EDIT.
version: v2
deps:
  - name: buf.build/cosmos/cosmos-proto
    commit: 1935555c206d4afb9e94615dfd0fad31
    digest: b5:0a29584117fe6433fa593d03fbda6b3964ddc59b986cd2277833ee01d4ac215a14b0286241462cd0dee6b460a108823dff5c7c42c9c1f4f7df861fcfa4bbebdf
  - name: buf.build/cosmos/cosmos-sdk
    commit: 5a6ab7bc14314acaa912d5e53aef1c2f
    digest: b5:8042fb175299da4ff2bbc9dc8051efbab9d997a2a797d1e7d7feb22c658990894199e1952b1f5965902ce765e3ef48b0c4dbdff423daf5fda5eb646f999c6c96
  - name: buf.build/cosmos/gogo-proto
    commit: 5e5b9fdd01804356895f8f79a6f1ddc1
    digest: b5:fa99e286ee3012cd95902e9889a57392ae87f9def39e11c3f2db66c9ca39f16e513175c1aa40a9a47c18cceadb0ee37c326591eb1bc2c4de0e0ccb72c04929d4
  - name: buf.build/googleapis/googleapis
    commit: cc916c31859748a68fd229a3c8d7a2e8
    digest: b5:3b4e241d18fbebc6b30ff28968527af2cdd618026930d2a9666bbad2868b1aa164d20229477464691bdfd053a77b5c727468039bd1d2b550cb4151ee4c1499fe
