# Generated by buf. DO NOT EDIT.
version: v1
deps:
  - remote: buf.build
    owner: noble
    repository: cosmos-sdk
    commit: b9d507c7c4c648009faeba7c9d645810
    digest: shake256:da1d6e749b6b64dcbb6265081087fe25e1631220f91954425d2f90bcec05f2e65162c1780198884b2a5136ca33785a5892b541c94450d819baadf139dcab9f44
