# Generated by buf. DO NOT EDIT.
version: v1
deps:
  - remote: buf.build
    owner: noble
    repository: cosmos-sdk
    commit: b18b492ea3364d5fa88fe3ead0b57a95
    digest: shake256:ce3896962b4241dbaa0776fa00e661184b8bdba629722b9f38bc7e221e04d379b3ad18531f33e2552ba675cca39381dcf0df693ec146c14db719741510c24852
